
Microsoft Visual Studio Solution File, Format Version 12.00
# Visual Studio Version 17
VisualStudioVersion = 17.3.32901.215
MinimumVisualStudioVersion = 10.0.40219.1
Project("{8BC9CEB8-8B4A-11D0-8D11-00A0C91BC942}") = "Project1", "Project1\Project1.vcxproj", "{912AF62B-E70A-4AF6-B4BB-7D6A59D21524}"
EndProject
Global
	GlobalSection(SolutionConfigurationPlatforms) = preSolution
		Debug|x64 = Debug|x64
		Debug|x86 = Debug|x86
		Release|x64 = Release|x64
		Release|x86 = Release|x86
	EndGlobalSection
	GlobalSection(ProjectConfigurationPlatforms) = postSolution
		{912AF62B-E70A-4AF6-B4BB-7D6A59D21524}.Debug|x64.ActiveCfg = Debug|x64
		{912AF62B-E70A-4AF6-B4BB-7D6A59D21524}.Debug|x64.Build.0 = Debug|x64
		{912AF62B-E70A-4AF6-B4BB-7D6A59D21524}.Debug|x86.ActiveCfg = Debug|Win32
		{912AF62B-E70A-4AF6-B4BB-7D6A59D21524}.Debug|x86.Build.0 = Debug|Win32
		{912AF62B-E70A-4AF6-B4BB-7D6A59D21524}.Release|x64.ActiveCfg = Release|x64
		{912AF62B-E70A-4AF6-B4BB-7D6A59D21524}.Release|x64.Build.0 = Release|x64
		{912AF62B-E70A-4AF6-B4BB-7D6A59D21524}.Release|x86.ActiveCfg = Release|Win32
		{912AF62B-E70A-4AF6-B4BB-7D6A59D21524}.Release|x86.Build.0 = Release|Win32
	EndGlobalSection
	GlobalSection(SolutionProperties) = preSolution
		HideSolutionNode = FALSE
	EndGlobalSection
	GlobalSection(ExtensibilityGlobals) = postSolution
		SolutionGuid = {E2CDFB86-36CD-4D86-85E5-6B8CB884576C}
	EndGlobalSection
EndGlobal
